
Microsoft Visual Studio Solution File, Format Version 12.00
# Visual Studio Version 16
VisualStudioVersion = 16.0.31515.178
MinimumVisualStudioVersion = 10.0.40219.1
Project("{FAE04EC0-301F-11D3-BF4B-00C04F79EFBC}") = "ConsoleApp1", "ConsoleApp1\ConsoleApp1.csproj", "{474D511C-A83E-43A5-BE82-48CA95800FAE}"
EndProject
Global
	GlobalSection(SolutionConfigurationPlatforms) = preSolution
		Debug|Any CPU = Debug|Any CPU
		Release|Any CPU = Release|Any CPU
	EndGlobalSection
	GlobalSection(ProjectConfigurationPlatforms) = postSolution
		{474D511C-A83E-43A5-BE82-48CA95800FAE}.Debug|Any CPU.ActiveCfg = Debug|Any CPU
		{474D511C-A83E-43A5-BE82-48CA95800FAE}.Debug|Any CPU.Build.0 = Debug|Any CPU
		{474D511C-A83E-43A5-BE82-48CA95800FAE}.Release|Any CPU.ActiveCfg = Release|Any CPU
		{474D511C-A83E-43A5-BE82-48CA95800FAE}.Release|Any CPU.Build.0 = Release|Any CPU
	EndGlobalSection
	GlobalSection(SolutionProperties) = preSolution
		HideSolutionNode = FALSE
	EndGlobalSection
	GlobalSection(ExtensibilityGlobals) = postSolution
		SolutionGuid = {12CF7EB4-FEA6-492E-B7BA-E418E16349E9}
	EndGlobalSection
EndGlobal
